
Microsoft Visual Studio Solution File, Format Version 12.00
# Visual Studio 14
VisualStudioVersion = 14.0.22823.1
MinimumVisualStudioVersion = 10.0.40219.1
Project("{888888A0-9F3D-457C-B088-3A5042F75D52}") = "datamanager", "datamanager\datamanager.pyproj", "{9859B002-A89E-44CC-8E64-A02D0048A650}"
EndProject
Project("{888888A0-9F3D-457C-B088-3A5042F75D52}") = "core", "core\core.pyproj", "{0A4891C2-BFC6-4514-9B3E-F08D2334AB94}"
EndProject
Project("{888888A0-9F3D-457C-B088-3A5042F75D52}") = "console", "console\console.pyproj", "{D872BD79-464F-4F71-A598-BE5626FDDE6E}"
EndProject
Project("{888888A0-9F3D-457C-B088-3A5042F75D52}") = "quantstrategies", "quantstrategies\quantstrategies.pyproj", "{FE0BF156-431F-44DB-B8A3-67001BD57813}"
EndProject
Project("{888888A0-9F3D-457C-B088-3A5042F75D52}") = "trading", "trading\trading.pyproj", "{00C8AC46-3415-456E-905B-242D66D17189}"
EndProject
Global
	GlobalSection(SolutionConfigurationPlatforms) = preSolution
		Debug|Any CPU = Debug|Any CPU
		Release|Any CPU = Release|Any CPU
	EndGlobalSection
	GlobalSection(ProjectConfigurationPlatforms) = postSolution
		{9859B002-A89E-44CC-8E64-A02D0048A650}.Debug|Any CPU.ActiveCfg = Debug|Any CPU
		{9859B002-A89E-44CC-8E64-A02D0048A650}.Release|Any CPU.ActiveCfg = Release|Any CPU
		{0A4891C2-BFC6-4514-9B3E-F08D2334AB94}.Debug|Any CPU.ActiveCfg = Debug|Any CPU
		{0A4891C2-BFC6-4514-9B3E-F08D2334AB94}.Release|Any CPU.ActiveCfg = Release|Any CPU
		{D872BD79-464F-4F71-A598-BE5626FDDE6E}.Debug|Any CPU.ActiveCfg = Debug|Any CPU
		{D872BD79-464F-4F71-A598-BE5626FDDE6E}.Release|Any CPU.ActiveCfg = Release|Any CPU
		{FE0BF156-431F-44DB-B8A3-67001BD57813}.Debug|Any CPU.ActiveCfg = Debug|Any CPU
		{FE0BF156-431F-44DB-B8A3-67001BD57813}.Release|Any CPU.ActiveCfg = Release|Any CPU
		{00C8AC46-3415-456E-905B-242D66D17189}.Debug|Any CPU.ActiveCfg = Debug|Any CPU
		{00C8AC46-3415-456E-905B-242D66D17189}.Release|Any CPU.ActiveCfg = Release|Any CPU
	EndGlobalSection
	GlobalSection(SolutionProperties) = preSolution
		HideSolutionNode = FALSE
	EndGlobalSection
EndGlobal
